
Microsoft Visual Studio Solution File, Format Version 12.00
# Visual Studio Version 16
VisualStudioVersion = 16.0.32802.399
MinimumVisualStudioVersion = 10.0.40219.1
Project("{FAE04EC0-301F-11D3-BF4B-00C04F79EFBC}") = "InAndOut", "InAndOut\InAndOut.csproj", "{0D99288B-01D2-4652-A412-7A2719AAB3DB}"
EndProject
Global
	GlobalSection(SolutionConfigurationPlatforms) = preSolution
		Debug|Any CPU = Debug|Any CPU
		Release|Any CPU = Release|Any CPU
	EndGlobalSection
	GlobalSection(ProjectConfigurationPlatforms) = postSolution
		{0D99288B-01D2-4652-A412-7A2719AAB3DB}.Debug|Any CPU.ActiveCfg = Debug|Any CPU
		{0D99288B-01D2-4652-A412-7A2719AAB3DB}.Debug|Any CPU.Build.0 = Debug|Any CPU
		{0D99288B-01D2-4652-A412-7A2719AAB3DB}.Release|Any CPU.ActiveCfg = Release|Any CPU
		{0D99288B-01D2-4652-A412-7A2719AAB3DB}.Release|Any CPU.Build.0 = Release|Any CPU
	EndGlobalSection
	GlobalSection(SolutionProperties) = preSolution
		HideSolutionNode = FALSE
	EndGlobalSection
	GlobalSection(ExtensibilityGlobals) = postSolution
		SolutionGuid = {FC805E28-9008-46F0-A45D-903C8561A9B2}
	EndGlobalSection
EndGlobal
